// !$*UTF8*$!
{
	archiveVersion = 1;
	classes = {
	};
	objectVersion = 56;
	objects = {

/* Begin PBXBuildFile section */
		20480E7D2B5EF92A00FD3175 /* VideoModel.swift in Sources */ = {isa = PBXBuildFile; fileRef = 20480E7C2B5EF92A00FD3175 /* VideoModel.swift */; };
		20480E7F2B5EF9A000FD3175 /* VideoListItemView.swift in Sources */ = {isa = PBXBuildFile; fileRef = 20480E7E2B5EF9A000FD3175 /* VideoListItemView.swift */; };
		205B3B352B5DBF3A0056CC50 /* AnimalListItemView.swift in Sources */ = {isa = PBXBuildFile; fileRef = 205B3B342B5DBF3A0056CC50 /* AnimalListItemView.swift */; };
		205B3B372B5DC0AE0056CC50 /* AnimalModel.swift in Sources */ = {isa = PBXBuildFile; fileRef = 205B3B362B5DC0AE0056CC50 /* AnimalModel.swift */; };
		205B3B392B5DC6380056CC50 /* AnimalDetailView.swift in Sources */ = {isa = PBXBuildFile; fileRef = 205B3B382B5DC6380056CC50 /* AnimalDetailView.swift */; };
		205B3B3B2B5DC8340056CC50 /* HeadingView.swift in Sources */ = {isa = PBXBuildFile; fileRef = 205B3B3A2B5DC8340056CC50 /* HeadingView.swift */; };
		205B3B3D2B5DC9180056CC50 /* InsetGalleryView.swift in Sources */ = {isa = PBXBuildFile; fileRef = 205B3B3C2B5DC9180056CC50 /* InsetGalleryView.swift */; };
		205B3B3F2B5DCDB80056CC50 /* InsetFactView.swift in Sources */ = {isa = PBXBuildFile; fileRef = 205B3B3E2B5DCDB80056CC50 /* InsetFactView.swift */; };
		205B3B412B5DD3160056CC50 /* InsetMapView.swift in Sources */ = {isa = PBXBuildFile; fileRef = 205B3B402B5DD3160056CC50 /* InsetMapView.swift */; };
		205B3B432B5DD62F0056CC50 /* ExternalWebLinkView.swift in Sources */ = {isa = PBXBuildFile; fileRef = 205B3B422B5DD62F0056CC50 /* ExternalWebLinkView.swift */; };
		2062FB212B5EFF1C006D19A3 /* VideoPlayerView.swift in Sources */ = {isa = PBXBuildFile; fileRef = 2062FB202B5EFF1C006D19A3 /* VideoPlayerView.swift */; };
		2062FB242B5F002F006D19A3 /* VideoPlayerHelper.swift in Sources */ = {isa = PBXBuildFile; fileRef = 2062FB232B5F002F006D19A3 /* VideoPlayerHelper.swift */; };
		209857F42B497F07003F8CCB /* AfricaApp.swift in Sources */ = {isa = PBXBuildFile; fileRef = 209857F32B497F07003F8CCB /* AfricaApp.swift */; };
		209857F62B497F07003F8CCB /* ContentView.swift in Sources */ = {isa = PBXBuildFile; fileRef = 209857F52B497F07003F8CCB /* ContentView.swift */; };
		209857F82B497F08003F8CCB /* Assets.xcassets in Resources */ = {isa = PBXBuildFile; fileRef = 209857F72B497F08003F8CCB /* Assets.xcassets */; };
		209857FB2B497F08003F8CCB /* Preview Assets.xcassets in Resources */ = {isa = PBXBuildFile; fileRef = 209857FA2B497F08003F8CCB /* Preview Assets.xcassets */; };
		2098580C2B49C769003F8CCB /* lion.mp4 in Resources */ = {isa = PBXBuildFile; fileRef = 209858022B49C767003F8CCB /* lion.mp4 */; };
		2098580D2B49C769003F8CCB /* zebra.mp4 in Resources */ = {isa = PBXBuildFile; fileRef = 209858032B49C767003F8CCB /* zebra.mp4 */; };
		2098580E2B49C769003F8CCB /* ostrich.mp4 in Resources */ = {isa = PBXBuildFile; fileRef = 209858042B49C767003F8CCB /* ostrich.mp4 */; };
		2098580F2B49C769003F8CCB /* lioness.mp4 in Resources */ = {isa = PBXBuildFile; fileRef = 209858052B49C767003F8CCB /* lioness.mp4 */; };
		209858102B49C769003F8CCB /* elephant.mp4 in Resources */ = {isa = PBXBuildFile; fileRef = 209858062B49C768003F8CCB /* elephant.mp4 */; };
		209858112B49C769003F8CCB /* hippo.mp4 in Resources */ = {isa = PBXBuildFile; fileRef = 209858072B49C768003F8CCB /* hippo.mp4 */; };
		209858122B49C769003F8CCB /* cheetah.mp4 in Resources */ = {isa = PBXBuildFile; fileRef = 209858082B49C768003F8CCB /* cheetah.mp4 */; };
		209858132B49C769003F8CCB /* giraffe.mp4 in Resources */ = {isa = PBXBuildFile; fileRef = 209858092B49C768003F8CCB /* giraffe.mp4 */; };
		209858142B49C769003F8CCB /* rhino.mp4 in Resources */ = {isa = PBXBuildFile; fileRef = 2098580A2B49C768003F8CCB /* rhino.mp4 */; };
		209858152B49C769003F8CCB /* gorilla.mp4 in Resources */ = {isa = PBXBuildFile; fileRef = 2098580B2B49C768003F8CCB /* gorilla.mp4 */; };
		2098581B2B49C7E7003F8CCB /* locations.json in Resources */ = {isa = PBXBuildFile; fileRef = 209858172B49C7E7003F8CCB /* locations.json */; };
		2098581C2B49C7E7003F8CCB /* animals.json in Resources */ = {isa = PBXBuildFile; fileRef = 209858182B49C7E7003F8CCB /* animals.json */; };
		2098581D2B49C7E7003F8CCB /* covers.json in Resources */ = {isa = PBXBuildFile; fileRef = 209858192B49C7E7003F8CCB /* covers.json */; };
		2098581E2B49C7E7003F8CCB /* videos.json in Resources */ = {isa = PBXBuildFile; fileRef = 2098581A2B49C7E7003F8CCB /* videos.json */; };
		209858222B49F0A9003F8CCB /* VideoListView.swift in Sources */ = {isa = PBXBuildFile; fileRef = 209858212B49F0A9003F8CCB /* VideoListView.swift */; };
		209858242B49F0C9003F8CCB /* MapView.swift in Sources */ = {isa = PBXBuildFile; fileRef = 209858232B49F0C9003F8CCB /* MapView.swift */; };
		209858262B49F0E3003F8CCB /* GalleryView.swift in Sources */ = {isa = PBXBuildFile; fileRef = 209858252B49F0E3003F8CCB /* GalleryView.swift */; };
		209858282B49F0FD003F8CCB /* MainView.swift in Sources */ = {isa = PBXBuildFile; fileRef = 209858272B49F0FD003F8CCB /* MainView.swift */; };
		2098582B2B4AA738003F8CCB /* CoverImageView.swift in Sources */ = {isa = PBXBuildFile; fileRef = 2098582A2B4AA738003F8CCB /* CoverImageView.swift */; };
		2098582E2B4AA8FB003F8CCB /* CoverImageModel.swift in Sources */ = {isa = PBXBuildFile; fileRef = 2098582D2B4AA8FB003F8CCB /* CoverImageModel.swift */; };
		209858312B4AAA1B003F8CCB /* CodableBundleExtension.swift in Sources */ = {isa = PBXBuildFile; fileRef = 209858302B4AAA1B003F8CCB /* CodableBundleExtension.swift */; };
/* End PBXBuildFile section */

/* Begin PBXFileReference section */
		20480E7C2B5EF92A00FD3175 /* VideoModel.swift */ = {isa = PBXFileReference; lastKnownFileType = sourcecode.swift; path = VideoModel.swift; sourceTree = "<group>"; };
		20480E7E2B5EF9A000FD3175 /* VideoListItemView.swift */ = {isa = PBXFileReference; lastKnownFileType = sourcecode.swift; path = VideoListItemView.swift; sourceTree = "<group>"; };
		205B3B342B5DBF3A0056CC50 /* AnimalListItemView.swift */ = {isa = PBXFileReference; lastKnownFileType = sourcecode.swift; path = AnimalListItemView.swift; sourceTree = "<group>"; };
		205B3B362B5DC0AE0056CC50 /* AnimalModel.swift */ = {isa = PBXFileReference; lastKnownFileType = sourcecode.swift; path = AnimalModel.swift; sourceTree = "<group>"; };
		205B3B382B5DC6380056CC50 /* AnimalDetailView.swift */ = {isa = PBXFileReference; lastKnownFileType = sourcecode.swift; path = AnimalDetailView.swift; sourceTree = "<group>"; };
		205B3B3A2B5DC8340056CC50 /* HeadingView.swift */ = {isa = PBXFileReference; lastKnownFileType = sourcecode.swift; path = HeadingView.swift; sourceTree = "<group>"; };
		205B3B3C2B5DC9180056CC50 /* InsetGalleryView.swift */ = {isa = PBXFileReference; lastKnownFileType = sourcecode.swift; path = InsetGalleryView.swift; sourceTree = "<group>"; };
		205B3B3E2B5DCDB80056CC50 /* InsetFactView.swift */ = {isa = PBXFileReference; lastKnownFileType = sourcecode.swift; path = InsetFactView.swift; sourceTree = "<group>"; };
		205B3B402B5DD3160056CC50 /* InsetMapView.swift */ = {isa = PBXFileReference; lastKnownFileType = sourcecode.swift; path = InsetMapView.swift; sourceTree = "<group>"; };
		205B3B422B5DD62F0056CC50 /* ExternalWebLinkView.swift */ = {isa = PBXFileReference; lastKnownFileType = sourcecode.swift; path = ExternalWebLinkView.swift; sourceTree = "<group>"; };
		2062FB202B5EFF1C006D19A3 /* VideoPlayerView.swift */ = {isa = PBXFileReference; lastKnownFileType = sourcecode.swift; path = VideoPlayerView.swift; sourceTree = "<group>"; };
		2062FB232B5F002F006D19A3 /* VideoPlayerHelper.swift */ = {isa = PBXFileReference; lastKnownFileType = sourcecode.swift; path = VideoPlayerHelper.swift; sourceTree = "<group>"; };
		209857F02B497F07003F8CCB /* Africa.app */ = {isa = PBXFileReference; explicitFileType = wrapper.application; includeInIndex = 0; path = Africa.app; sourceTree = BUILT_PRODUCTS_DIR; };
		209857F32B497F07003F8CCB /* AfricaApp.swift */ = {isa = PBXFileReference; lastKnownFileType = sourcecode.swift; path = AfricaApp.swift; sourceTree = "<group>"; };
		209857F52B497F07003F8CCB /* ContentView.swift */ = {isa = PBXFileReference; lastKnownFileType = sourcecode.swift; path = ContentView.swift; sourceTree = "<group>"; };
		209857F72B497F08003F8CCB /* Assets.xcassets */ = {isa = PBXFileReference; lastKnownFileType = folder.assetcatalog; path = Assets.xcassets; sourceTree = "<group>"; };
		209857FA2B497F08003F8CCB /* Preview Assets.xcassets */ = {isa = PBXFileReference; lastKnownFileType = folder.assetcatalog; path = "Preview Assets.xcassets"; sourceTree = "<group>"; };
		209858022B49C767003F8CCB /* lion.mp4 */ = {isa = PBXFileReference; lastKnownFileType = file; path = lion.mp4; sourceTree = "<group>"; };
		209858032B49C767003F8CCB /* zebra.mp4 */ = {isa = PBXFileReference; lastKnownFileType = file; path = zebra.mp4; sourceTree = "<group>"; };
		209858042B49C767003F8CCB /* ostrich.mp4 */ = {isa = PBXFileReference; lastKnownFileType = file; path = ostrich.mp4; sourceTree = "<group>"; };
		209858052B49C767003F8CCB /* lioness.mp4 */ = {isa = PBXFileReference; lastKnownFileType = file; path = lioness.mp4; sourceTree = "<group>"; };
		209858062B49C768003F8CCB /* elephant.mp4 */ = {isa = PBXFileReference; lastKnownFileType = file; path = elephant.mp4; sourceTree = "<group>"; };
		209858072B49C768003F8CCB /* hippo.mp4 */ = {isa = PBXFileReference; lastKnownFileType = file; path = hippo.mp4; sourceTree = "<group>"; };
		209858082B49C768003F8CCB /* cheetah.mp4 */ = {isa = PBXFileReference; lastKnownFileType = file; path = cheetah.mp4; sourceTree = "<group>"; };
		209858092B49C768003F8CCB /* giraffe.mp4 */ = {isa = PBXFileReference; lastKnownFileType = file; path = giraffe.mp4; sourceTree = "<group>"; };
		2098580A2B49C768003F8CCB /* rhino.mp4 */ = {isa = PBXFileReference; lastKnownFileType = file; path = rhino.mp4; sourceTree = "<group>"; };
		2098580B2B49C768003F8CCB /* gorilla.mp4 */ = {isa = PBXFileReference; lastKnownFileType = file; path = gorilla.mp4; sourceTree = "<group>"; };
		209858172B49C7E7003F8CCB /* locations.json */ = {isa = PBXFileReference; fileEncoding = 4; lastKnownFileType = text.json; path = locations.json; sourceTree = "<group>"; };
		209858182B49C7E7003F8CCB /* animals.json */ = {isa = PBXFileReference; fileEncoding = 4; lastKnownFileType = text.json; path = animals.json; sourceTree = "<group>"; };
		209858192B49C7E7003F8CCB /* covers.json */ = {isa = PBXFileReference; fileEncoding = 4; lastKnownFileType = text.json; path = covers.json; sourceTree = "<group>"; };
		2098581A2B49C7E7003F8CCB /* videos.json */ = {isa = PBXFileReference; fileEncoding = 4; lastKnownFileType = text.json; path = videos.json; sourceTree = "<group>"; };
		2098581F2B49C968003F8CCB /* Info.plist */ = {isa = PBXFileReference; lastKnownFileType = text.plist; path = Info.plist; sourceTree = "<group>"; };
		209858212B49F0A9003F8CCB /* VideoListView.swift */ = {isa = PBXFileReference; lastKnownFileType = sourcecode.swift; path = VideoListView.swift; sourceTree = "<group>"; };
		209858232B49F0C9003F8CCB /* MapView.swift */ = {isa = PBXFileReference; lastKnownFileType = sourcecode.swift; path = MapView.swift; sourceTree = "<group>"; };
		209858252B49F0E3003F8CCB /* GalleryView.swift */ = {isa = PBXFileReference; lastKnownFileType = sourcecode.swift; path = GalleryView.swift; sourceTree = "<group>"; };
		209858272B49F0FD003F8CCB /* MainView.swift */ = {isa = PBXFileReference; lastKnownFileType = sourcecode.swift; path = MainView.swift; sourceTree = "<group>"; };
		2098582A2B4AA738003F8CCB /* CoverImageView.swift */ = {isa = PBXFileReference; lastKnownFileType = sourcecode.swift; path = CoverImageView.swift; sourceTree = "<group>"; };
		2098582D2B4AA8FB003F8CCB /* CoverImageModel.swift */ = {isa = PBXFileReference; lastKnownFileType = sourcecode.swift; path = CoverImageModel.swift; sourceTree = "<group>"; };
		209858302B4AAA1B003F8CCB /* CodableBundleExtension.swift */ = {isa = PBXFileReference; lastKnownFileType = sourcecode.swift; path = CodableBundleExtension.swift; sourceTree = "<group>"; };
/* End PBXFileReference section */

/* Begin PBXFrameworksBuildPhase section */
		209857ED2B497F07003F8CCB /* Frameworks */ = {
			isa = PBXFrameworksBuildPhase;
			buildActionMask = 2147483647;
			files = (
			);
			runOnlyForDeploymentPostprocessing = 0;
		};
/* End PBXFrameworksBuildPhase section */

/* Begin PBXGroup section */
		2062FB222B5F0014006D19A3 /* Helper */ = {
			isa = PBXGroup;
			children = (
				2062FB232B5F002F006D19A3 /* VideoPlayerHelper.swift */,
			);
			path = Helper;
			sourceTree = "<group>";
		};
		209857E72B497F07003F8CCB = {
			isa = PBXGroup;
			children = (
				209857F22B497F07003F8CCB /* Africa */,
				209857F12B497F07003F8CCB /* Products */,
			);
			sourceTree = "<group>";
		};
		209857F12B497F07003F8CCB /* Products */ = {
			isa = PBXGroup;
			children = (
				209857F02B497F07003F8CCB /* Africa.app */,
			);
			name = Products;
			sourceTree = "<group>";
		};
		209857F22B497F07003F8CCB /* Africa */ = {
			isa = PBXGroup;
			children = (
				2062FB222B5F0014006D19A3 /* Helper */,
				2098582F2B4AA9FF003F8CCB /* Extension */,
				2098582C2B4AA8E0003F8CCB /* Model */,
				209858292B4AA717003F8CCB /* View */,
				2098581F2B49C968003F8CCB /* Info.plist */,
				209858162B49C7CA003F8CCB /* Data */,
				209858012B49C74E003F8CCB /* Video */,
				209858202B49F071003F8CCB /* App */,
				209857F72B497F08003F8CCB /* Assets.xcassets */,
				209857F92B497F08003F8CCB /* Preview Content */,
			);
			path = Africa;
			sourceTree = "<group>";
		};
		209857F92B497F08003F8CCB /* Preview Content */ = {
			isa = PBXGroup;
			children = (
				209857FA2B497F08003F8CCB /* Preview Assets.xcassets */,
			);
			path = "Preview Content";
			sourceTree = "<group>";
		};
		209858012B49C74E003F8CCB /* Video */ = {
			isa = PBXGroup;
			children = (
				209858082B49C768003F8CCB /* cheetah.mp4 */,
				209858062B49C768003F8CCB /* elephant.mp4 */,
				209858092B49C768003F8CCB /* giraffe.mp4 */,
				2098580B2B49C768003F8CCB /* gorilla.mp4 */,
				209858072B49C768003F8CCB /* hippo.mp4 */,
				209858022B49C767003F8CCB /* lion.mp4 */,
				209858052B49C767003F8CCB /* lioness.mp4 */,
				209858042B49C767003F8CCB /* ostrich.mp4 */,
				2098580A2B49C768003F8CCB /* rhino.mp4 */,
				209858032B49C767003F8CCB /* zebra.mp4 */,
			);
			path = Video;
			sourceTree = "<group>";
		};
		209858162B49C7CA003F8CCB /* Data */ = {
			isa = PBXGroup;
			children = (
				209858182B49C7E7003F8CCB /* animals.json */,
				209858192B49C7E7003F8CCB /* covers.json */,
				209858172B49C7E7003F8CCB /* locations.json */,
				2098581A2B49C7E7003F8CCB /* videos.json */,
			);
			path = Data;
			sourceTree = "<group>";
		};
		209858202B49F071003F8CCB /* App */ = {
			isa = PBXGroup;
			children = (
				209857F32B497F07003F8CCB /* AfricaApp.swift */,
				209857F52B497F07003F8CCB /* ContentView.swift */,
				209858212B49F0A9003F8CCB /* VideoListView.swift */,
				209858232B49F0C9003F8CCB /* MapView.swift */,
				209858252B49F0E3003F8CCB /* GalleryView.swift */,
				209858272B49F0FD003F8CCB /* MainView.swift */,
			);
			path = App;
			sourceTree = "<group>";
		};
		209858292B4AA717003F8CCB /* View */ = {
			isa = PBXGroup;
			children = (
				2098582A2B4AA738003F8CCB /* CoverImageView.swift */,
				205B3B342B5DBF3A0056CC50 /* AnimalListItemView.swift */,
				205B3B382B5DC6380056CC50 /* AnimalDetailView.swift */,
				205B3B3A2B5DC8340056CC50 /* HeadingView.swift */,
				205B3B3C2B5DC9180056CC50 /* InsetGalleryView.swift */,
				205B3B3E2B5DCDB80056CC50 /* InsetFactView.swift */,
				205B3B402B5DD3160056CC50 /* InsetMapView.swift */,
				205B3B422B5DD62F0056CC50 /* ExternalWebLinkView.swift */,
				20480E7E2B5EF9A000FD3175 /* VideoListItemView.swift */,
				2062FB202B5EFF1C006D19A3 /* VideoPlayerView.swift */,
			);
			path = View;
			sourceTree = "<group>";
		};
		2098582C2B4AA8E0003F8CCB /* Model */ = {
			isa = PBXGroup;
			children = (
				2098582D2B4AA8FB003F8CCB /* CoverImageModel.swift */,
				205B3B362B5DC0AE0056CC50 /* AnimalModel.swift */,
				20480E7C2B5EF92A00FD3175 /* VideoModel.swift */,
			);
			path = Model;
			sourceTree = "<group>";
		};
		2098582F2B4AA9FF003F8CCB /* Extension */ = {
			isa = PBXGroup;
			children = (
				209858302B4AAA1B003F8CCB /* CodableBundleExtension.swift */,
			);
			path = Extension;
			sourceTree = "<group>";
		};
/* End PBXGroup section */

/* Begin PBXNativeTarget section */
		209857EF2B497F07003F8CCB /* Africa */ = {
			isa = PBXNativeTarget;
			buildConfigurationList = 209857FE2B497F08003F8CCB /* Build configuration list for PBXNativeTarget "Africa" */;
			buildPhases = (
				209857EC2B497F07003F8CCB /* Sources */,
				209857ED2B497F07003F8CCB /* Frameworks */,
				209857EE2B497F07003F8CCB /* Resources */,
			);
			buildRules = (
			);
			dependencies = (
			);
			name = Africa;
			productName = Africa;
			productReference = 209857F02B497F07003F8CCB /* Africa.app */;
			productType = "com.apple.product-type.application";
		};
/* End PBXNativeTarget section */

/* Begin PBXProject section */
		209857E82B497F07003F8CCB /* Project object */ = {
			isa = PBXProject;
			attributes = {
				BuildIndependentTargetsInParallel = 1;
				LastSwiftUpdateCheck = 1500;
				LastUpgradeCheck = 1500;
				TargetAttributes = {
					209857EF2B497F07003F8CCB = {
						CreatedOnToolsVersion = 15.0.1;
					};
				};
			};
			buildConfigurationList = 209857EB2B497F07003F8CCB /* Build configuration list for PBXProject "Africa" */;
			compatibilityVersion = "Xcode 14.0";
			developmentRegion = en;
			hasScannedForEncodings = 0;
			knownRegions = (
				en,
				Base,
			);
			mainGroup = 209857E72B497F07003F8CCB;
			productRefGroup = 209857F12B497F07003F8CCB /* Products */;
			projectDirPath = "";
			projectRoot = "";
			targets = (
				209857EF2B497F07003F8CCB /* Africa */,
			);
		};
/* End PBXProject section */

/* Begin PBXResourcesBuildPhase section */
		209857EE2B497F07003F8CCB /* Resources */ = {
			isa = PBXResourcesBuildPhase;
			buildActionMask = 2147483647;
			files = (
				2098581B2B49C7E7003F8CCB /* locations.json in Resources */,
				209858112B49C769003F8CCB /* hippo.mp4 in Resources */,
				2098580D2B49C769003F8CCB /* zebra.mp4 in Resources */,
				209857FB2B497F08003F8CCB /* Preview Assets.xcassets in Resources */,
				2098580C2B49C769003F8CCB /* lion.mp4 in Resources */,
				209858152B49C769003F8CCB /* gorilla.mp4 in Resources */,
				209858132B49C769003F8CCB /* giraffe.mp4 in Resources */,
				2098581C2B49C7E7003F8CCB /* animals.json in Resources */,
				2098580E2B49C769003F8CCB /* ostrich.mp4 in Resources */,
				209858102B49C769003F8CCB /* elephant.mp4 in Resources */,
				2098581D2B49C7E7003F8CCB /* covers.json in Resources */,
				209857F82B497F08003F8CCB /* Assets.xcassets in Resources */,
				2098580F2B49C769003F8CCB /* lioness.mp4 in Resources */,
				2098581E2B49C7E7003F8CCB /* videos.json in Resources */,
				209858142B49C769003F8CCB /* rhino.mp4 in Resources */,
				209858122B49C769003F8CCB /* cheetah.mp4 in Resources */,
			);
			runOnlyForDeploymentPostprocessing = 0;
		};
/* End PBXResourcesBuildPhase section */

/* Begin PBXSourcesBuildPhase section */
		209857EC2B497F07003F8CCB /* Sources */ = {
			isa = PBXSourcesBuildPhase;
			buildActionMask = 2147483647;
			files = (
				209857F62B497F07003F8CCB /* ContentView.swift in Sources */,
				205B3B352B5DBF3A0056CC50 /* AnimalListItemView.swift in Sources */,
				209858282B49F0FD003F8CCB /* MainView.swift in Sources */,
				205B3B3F2B5DCDB80056CC50 /* InsetFactView.swift in Sources */,
				2098582B2B4AA738003F8CCB /* CoverImageView.swift in Sources */,
				2098582E2B4AA8FB003F8CCB /* CoverImageModel.swift in Sources */,
				205B3B392B5DC6380056CC50 /* AnimalDetailView.swift in Sources */,
				205B3B372B5DC0AE0056CC50 /* AnimalModel.swift in Sources */,
				209858242B49F0C9003F8CCB /* MapView.swift in Sources */,
				205B3B412B5DD3160056CC50 /* InsetMapView.swift in Sources */,
				2062FB242B5F002F006D19A3 /* VideoPlayerHelper.swift in Sources */,
				209857F42B497F07003F8CCB /* AfricaApp.swift in Sources */,
				205B3B432B5DD62F0056CC50 /* ExternalWebLinkView.swift in Sources */,
				209858222B49F0A9003F8CCB /* VideoListView.swift in Sources */,
				20480E7D2B5EF92A00FD3175 /* VideoModel.swift in Sources */,
				209858262B49F0E3003F8CCB /* GalleryView.swift in Sources */,
				205B3B3D2B5DC9180056CC50 /* InsetGalleryView.swift in Sources */,
				20480E7F2B5EF9A000FD3175 /* VideoListItemView.swift in Sources */,
				209858312B4AAA1B003F8CCB /* CodableBundleExtension.swift in Sources */,
				205B3B3B2B5DC8340056CC50 /* HeadingView.swift in Sources */,
				2062FB212B5EFF1C006D19A3 /* VideoPlayerView.swift in Sources */,
			);
			runOnlyForDeploymentPostprocessing = 0;
		};
/* End PBXSourcesBuildPhase section */

/* Begin XCBuildConfiguration section */
		209857FC2B497F08003F8CCB /* Debug */ = {
			isa = XCBuildConfiguration;
			buildSettings = {
				ALWAYS_SEARCH_USER_PATHS = NO;
				ASSETCATALOG_COMPILER_GENERATE_SWIFT_ASSET_SYMBOL_EXTENSIONS = YES;
				CLANG_ANALYZER_NONNULL = YES;
				CLANG_ANALYZER_NUMBER_OBJECT_CONVERSION = YES_AGGRESSIVE;
				CLANG_CXX_LANGUAGE_STANDARD = "gnu++20";
				CLANG_ENABLE_MODULES = YES;
				CLANG_ENABLE_OBJC_ARC = YES;
				CLANG_ENABLE_OBJC_WEAK = YES;
				CLANG_WARN_BLOCK_CAPTURE_AUTORELEASING = YES;
				CLANG_WARN_BOOL_CONVERSION = YES;
				CLANG_WARN_COMMA = YES;
				CLANG_WARN_CONSTANT_CONVERSION = YES;
				CLANG_WARN_DEPRECATED_OBJC_IMPLEMENTATIONS = YES;
				CLANG_WARN_DIRECT_OBJC_ISA_USAGE = YES_ERROR;
				CLANG_WARN_DOCUMENTATION_COMMENTS = YES;
				CLANG_WARN_EMPTY_BODY = YES;
				CLANG_WARN_ENUM_CONVERSION = YES;
				CLANG_WARN_INFINITE_RECURSION = YES;
				CLANG_WARN_INT_CONVERSION = YES;
				CLANG_WARN_NON_LITERAL_NULL_CONVERSION = YES;
				CLANG_WARN_OBJC_IMPLICIT_RETAIN_SELF = YES;
				CLANG_WARN_OBJC_LITERAL_CONVERSION = YES;
				CLANG_WARN_OBJC_ROOT_CLASS = YES_ERROR;
				CLANG_WARN_QUOTED_INCLUDE_IN_FRAMEWORK_HEADER = YES;
				CLANG_WARN_RANGE_LOOP_ANALYSIS = YES;
				CLANG_WARN_STRICT_PROTOTYPES = YES;
				CLANG_WARN_SUSPICIOUS_MOVE = YES;
				CLANG_WARN_UNGUARDED_AVAILABILITY = YES_AGGRESSIVE;
				CLANG_WARN_UNREACHABLE_CODE = YES;
				CLANG_WARN__DUPLICATE_METHOD_MATCH = YES;
				COPY_PHASE_STRIP = NO;
				DEBUG_INFORMATION_FORMAT = dwarf;
				ENABLE_STRICT_OBJC_MSGSEND = YES;
				ENABLE_TESTABILITY = YES;
				ENABLE_USER_SCRIPT_SANDBOXING = YES;
				GCC_C_LANGUAGE_STANDARD = gnu17;
				GCC_DYNAMIC_NO_PIC = NO;
				GCC_NO_COMMON_BLOCKS = YES;
				GCC_OPTIMIZATION_LEVEL = 0;
				GCC_PREPROCESSOR_DEFINITIONS = (
					"DEBUG=1",
					"$(inherited)",
				);
				GCC_WARN_64_TO_32_BIT_CONVERSION = YES;
				GCC_WARN_ABOUT_RETURN_TYPE = YES_ERROR;
				GCC_WARN_UNDECLARED_SELECTOR = YES;
				GCC_WARN_UNINITIALIZED_AUTOS = YES_AGGRESSIVE;
				GCC_WARN_UNUSED_FUNCTION = YES;
				GCC_WARN_UNUSED_VARIABLE = YES;
				IPHONEOS_DEPLOYMENT_TARGET = 17.0;
				LOCALIZATION_PREFERS_STRING_CATALOGS = YES;
				MTL_ENABLE_DEBUG_INFO = INCLUDE_SOURCE;
				MTL_FAST_MATH = YES;
				ONLY_ACTIVE_ARCH = YES;
				SDKROOT = iphoneos;
				SWIFT_ACTIVE_COMPILATION_CONDITIONS = "DEBUG $(inherited)";
				SWIFT_OPTIMIZATION_LEVEL = "-Onone";
			};
			name = Debug;
		};
		209857FD2B497F08003F8CCB /* Release */ = {
			isa = XCBuildConfiguration;
			buildSettings = {
				ALWAYS_SEARCH_USER_PATHS = NO;
				ASSETCATALOG_COMPILER_GENERATE_SWIFT_ASSET_SYMBOL_EXTENSIONS = YES;
				CLANG_ANALYZER_NONNULL = YES;
				CLANG_ANALYZER_NUMBER_OBJECT_CONVERSION = YES_AGGRESSIVE;
				CLANG_CXX_LANGUAGE_STANDARD = "gnu++20";
				CLANG_ENABLE_MODULES = YES;
				CLANG_ENABLE_OBJC_ARC = YES;
				CLANG_ENABLE_OBJC_WEAK = YES;
				CLANG_WARN_BLOCK_CAPTURE_AUTORELEASING = YES;
				CLANG_WARN_BOOL_CONVERSION = YES;
				CLANG_WARN_COMMA = YES;
				CLANG_WARN_CONSTANT_CONVERSION = YES;
				CLANG_WARN_DEPRECATED_OBJC_IMPLEMENTATIONS = YES;
				CLANG_WARN_DIRECT_OBJC_ISA_USAGE = YES_ERROR;
				CLANG_WARN_DOCUMENTATION_COMMENTS = YES;
				CLANG_WARN_EMPTY_BODY = YES;
				CLANG_WARN_ENUM_CONVERSION = YES;
				CLANG_WARN_INFINITE_RECURSION = YES;
				CLANG_WARN_INT_CONVERSION = YES;
				CLANG_WARN_NON_LITERAL_NULL_CONVERSION = YES;
				CLANG_WARN_OBJC_IMPLICIT_RETAIN_SELF = YES;
				CLANG_WARN_OBJC_LITERAL_CONVERSION = YES;
				CLANG_WARN_OBJC_ROOT_CLASS = YES_ERROR;
				CLANG_WARN_QUOTED_INCLUDE_IN_FRAMEWORK_HEADER = YES;
				CLANG_WARN_RANGE_LOOP_ANALYSIS = YES;
				CLANG_WARN_STRICT_PROTOTYPES = YES;
				CLANG_WARN_SUSPICIOUS_MOVE = YES;
				CLANG_WARN_UNGUARDED_AVAILABILITY = YES_AGGRESSIVE;
				CLANG_WARN_UNREACHABLE_CODE = YES;
				CLANG_WARN__DUPLICATE_METHOD_MATCH = YES;
				COPY_PHASE_STRIP = NO;
				DEBUG_INFORMATION_FORMAT = "dwarf-with-dsym";
				ENABLE_NS_ASSERTIONS = NO;
				ENABLE_STRICT_OBJC_MSGSEND = YES;
				ENABLE_USER_SCRIPT_SANDBOXING = YES;
				GCC_C_LANGUAGE_STANDARD = gnu17;
				GCC_NO_COMMON_BLOCKS = YES;
				GCC_WARN_64_TO_32_BIT_CONVERSION = YES;
				GCC_WARN_ABOUT_RETURN_TYPE = YES_ERROR;
				GCC_WARN_UNDECLARED_SELECTOR = YES;
				GCC_WARN_UNINITIALIZED_AUTOS = YES_AGGRESSIVE;
				GCC_WARN_UNUSED_FUNCTION = YES;
				GCC_WARN_UNUSED_VARIABLE = YES;
				IPHONEOS_DEPLOYMENT_TARGET = 17.0;
				LOCALIZATION_PREFERS_STRING_CATALOGS = YES;
				MTL_ENABLE_DEBUG_INFO = NO;
				MTL_FAST_MATH = YES;
				SDKROOT = iphoneos;
				SWIFT_COMPILATION_MODE = wholemodule;
				VALIDATE_PRODUCT = YES;
			};
			name = Release;
		};
		209857FF2B497F08003F8CCB /* Debug */ = {
			isa = XCBuildConfiguration;
			buildSettings = {
				ASSETCATALOG_COMPILER_APPICON_NAME = AppIcon;
				ASSETCATALOG_COMPILER_GLOBAL_ACCENT_COLOR_NAME = AccentColor;
				CODE_SIGN_STYLE = Automatic;
				CURRENT_PROJECT_VERSION = 1;
				DEVELOPMENT_ASSET_PATHS = "\"Africa/Preview Content\"";
				DEVELOPMENT_TEAM = 7CK797UK32;
				ENABLE_PREVIEWS = YES;
				GENERATE_INFOPLIST_FILE = YES;
				INFOPLIST_FILE = Africa/Info.plist;
				INFOPLIST_KEY_UIApplicationSceneManifest_Generation = YES;
				INFOPLIST_KEY_UIApplicationSupportsIndirectInputEvents = YES;
				INFOPLIST_KEY_UISupportedInterfaceOrientations_iPad = "UIInterfaceOrientationPortrait UIInterfaceOrientationPortraitUpsideDown UIInterfaceOrientationLandscapeLeft UIInterfaceOrientationLandscapeRight";
				INFOPLIST_KEY_UISupportedInterfaceOrientations_iPhone = "UIInterfaceOrientationPortrait UIInterfaceOrientationLandscapeLeft UIInterfaceOrientationLandscapeRight";
				INFOPLIST_KEY_UIUserInterfaceStyle = Dark;
				LD_RUNPATH_SEARCH_PATHS = (
					"$(inherited)",
					"@executable_path/Frameworks",
				);
				MARKETING_VERSION = 1.0;
				PRODUCT_BUNDLE_IDENTIFIER = com.tolmachevroman.Africa;
				PRODUCT_NAME = "$(TARGET_NAME)";
				SWIFT_EMIT_LOC_STRINGS = YES;
				SWIFT_VERSION = 5.0;
				TARGETED_DEVICE_FAMILY = "1,2";
			};
			name = Debug;
		};
		209858002B497F08003F8CCB /* Release */ = {
			isa = XCBuildConfiguration;
			buildSettings = {
				ASSETCATALOG_COMPILER_APPICON_NAME = AppIcon;
				ASSETCATALOG_COMPILER_GLOBAL_ACCENT_COLOR_NAME = AccentColor;
				CODE_SIGN_STYLE = Automatic;
				CURRENT_PROJECT_VERSION = 1;
				DEVELOPMENT_ASSET_PATHS = "\"Africa/Preview Content\"";
				DEVELOPMENT_TEAM = 7CK797UK32;
				ENABLE_PREVIEWS = YES;
				GENERATE_INFOPLIST_FILE = YES;
				INFOPLIST_FILE = Africa/Info.plist;
				INFOPLIST_KEY_UIApplicationSceneManifest_Generation = YES;
				INFOPLIST_KEY_UIApplicationSupportsIndirectInputEvents = YES;
				INFOPLIST_KEY_UISupportedInterfaceOrientations_iPad = "UIInterfaceOrientationPortrait UIInterfaceOrientationPortraitUpsideDown UIInterfaceOrientationLandscapeLeft UIInterfaceOrientationLandscapeRight";
				INFOPLIST_KEY_UISupportedInterfaceOrientations_iPhone = "UIInterfaceOrientationPortrait UIInterfaceOrientationLandscapeLeft UIInterfaceOrientationLandscapeRight";
				INFOPLIST_KEY_UIUserInterfaceStyle = Dark;
				LD_RUNPATH_SEARCH_PATHS = (
					"$(inherited)",
					"@executable_path/Frameworks",
				);
				MARKETING_VERSION = 1.0;
				PRODUCT_BUNDLE_IDENTIFIER = com.tolmachevroman.Africa;
				PRODUCT_NAME = "$(TARGET_NAME)";
				SWIFT_EMIT_LOC_STRINGS = YES;
				SWIFT_VERSION = 5.0;
				TARGETED_DEVICE_FAMILY = "1,2";
			};
			name = Release;
		};
/* End XCBuildConfiguration section */

/* Begin XCConfigurationList section */
		209857EB2B497F07003F8CCB /* Build configuration list for PBXProject "Africa" */ = {
			isa = XCConfigurationList;
			buildConfigurations = (
				209857FC2B497F08003F8CCB /* Debug */,
				209857FD2B497F08003F8CCB /* Release */,
			);
			defaultConfigurationIsVisible = 0;
			defaultConfigurationName = Release;
		};
		209857FE2B497F08003F8CCB /* Build configuration list for PBXNativeTarget "Africa" */ = {
			isa = XCConfigurationList;
			buildConfigurations = (
				209857FF2B497F08003F8CCB /* Debug */,
				209858002B497F08003F8CCB /* Release */,
			);
			defaultConfigurationIsVisible = 0;
			defaultConfigurationName = Release;
		};
/* End XCConfigurationList section */
	};
	rootObject = 209857E82B497F07003F8CCB /* Project object */;
}
